
Microsoft Visual Studio Solution File, Format Version 12.00
# Visual Studio Version 17
VisualStudioVersion = 17.9.34714.143
MinimumVisualStudioVersion = 10.0.40219.1
Project("{FAE04EC0-301F-11D3-BF4B-00C04F79EFBC}") = "WebApplication10", "WebApplication10\WebApplication10.csproj", "{C475F897-86F0-48B9-BD83-E41BBBBDFCCD}"
EndProject
Global
	GlobalSection(SolutionConfigurationPlatforms) = preSolution
		Debug|Any CPU = Debug|Any CPU
		Release|Any CPU = Release|Any CPU
	EndGlobalSection
	GlobalSection(ProjectConfigurationPlatforms) = postSolution
		{C475F897-86F0-48B9-BD83-E41BBBBDFCCD}.Debug|Any CPU.ActiveCfg = Debug|Any CPU
		{C475F897-86F0-48B9-BD83-E41BBBBDFCCD}.Debug|Any CPU.Build.0 = Debug|Any CPU
		{C475F897-86F0-48B9-BD83-E41BBBBDFCCD}.Release|Any CPU.ActiveCfg = Release|Any CPU
		{C475F897-86F0-48B9-BD83-E41BBBBDFCCD}.Release|Any CPU.Build.0 = Release|Any CPU
	EndGlobalSection
	GlobalSection(SolutionProperties) = preSolution
		HideSolutionNode = FALSE
	EndGlobalSection
	GlobalSection(ExtensibilityGlobals) = postSolution
		SolutionGuid = {97424DE3-E0BE-40EF-A7AC-33C3DC4F8608}
	EndGlobalSection
EndGlobal
